// !$*UTF8*$!
{
	archiveVersion = 1;
	classes = {
	};
	objectVersion = 48;
	objects = {

/* Begin PBXBuildFile section */
		18C7554E1FDB3ED100BF2B72 /* AppDelegate.swift in Sources */ = {isa = PBXBuildFile; fileRef = 18C7554D1FDB3ED100BF2B72 /* AppDelegate.swift */; };
		18C755531FDB3ED100BF2B72 /* Main.storyboard in Resources */ = {isa = PBXBuildFile; fileRef = 18C755511FDB3ED100BF2B72 /* Main.storyboard */; };
		18C755551FDB3ED100BF2B72 /* Assets.xcassets in Resources */ = {isa = PBXBuildFile; fileRef = 18C755541FDB3ED100BF2B72 /* Assets.xcassets */; };
		18C755581FDB3ED100BF2B72 /* LaunchScreen.storyboard in Resources */ = {isa = PBXBuildFile; fileRef = 18C755561FDB3ED100BF2B72 /* LaunchScreen.storyboard */; };
		18C755641FDB4D2800BF2B72 /* ProductsListViewController.swift in Sources */ = {isa = PBXBuildFile; fileRef = 18C755631FDB4D2800BF2B72 /* ProductsListViewController.swift */; };
		18C755661FDB4D3400BF2B72 /* ProductViewController.swift in Sources */ = {isa = PBXBuildFile; fileRef = 18C755651FDB4D3400BF2B72 /* ProductViewController.swift */; };
		A815D97E0077EB46E4F0B93F /* Pods_ProductHunt.framework in Frameworks */ = {isa = PBXBuildFile; fileRef = 036BA981B7F8C988F9738D12 /* Pods_ProductHunt.framework */; };
/* End PBXBuildFile section */

/* Begin PBXFileReference section */
		036BA981B7F8C988F9738D12 /* Pods_ProductHunt.framework */ = {isa = PBXFileReference; explicitFileType = wrapper.framework; includeInIndex = 0; path = Pods_ProductHunt.framework; sourceTree = BUILT_PRODUCTS_DIR; };
		18C7554A1FDB3ED100BF2B72 /* ProductHunt.app */ = {isa = PBXFileReference; explicitFileType = wrapper.application; includeInIndex = 0; path = ProductHunt.app; sourceTree = BUILT_PRODUCTS_DIR; };
		18C7554D1FDB3ED100BF2B72 /* AppDelegate.swift */ = {isa = PBXFileReference; lastKnownFileType = sourcecode.swift; path = AppDelegate.swift; sourceTree = "<group>"; };
		18C755521FDB3ED100BF2B72 /* Base */ = {isa = PBXFileReference; lastKnownFileType = file.storyboard; name = Base; path = Base.lproj/Main.storyboard; sourceTree = "<group>"; };
		18C755541FDB3ED100BF2B72 /* Assets.xcassets */ = {isa = PBXFileReference; lastKnownFileType = folder.assetcatalog; path = Assets.xcassets; sourceTree = "<group>"; };
		18C755571FDB3ED100BF2B72 /* Base */ = {isa = PBXFileReference; lastKnownFileType = file.storyboard; name = Base; path = Base.lproj/LaunchScreen.storyboard; sourceTree = "<group>"; };
		18C755591FDB3ED100BF2B72 /* Info.plist */ = {isa = PBXFileReference; lastKnownFileType = text.plist.xml; path = Info.plist; sourceTree = "<group>"; };
		18C755631FDB4D2800BF2B72 /* ProductsListViewController.swift */ = {isa = PBXFileReference; lastKnownFileType = sourcecode.swift; path = ProductsListViewController.swift; sourceTree = "<group>"; };
		18C755651FDB4D3400BF2B72 /* ProductViewController.swift */ = {isa = PBXFileReference; lastKnownFileType = sourcecode.swift; path = ProductViewController.swift; sourceTree = "<group>"; };
		E7E49CD8B42C92E91B0BA6DB /* Pods-ProductHunt.debug.xcconfig */ = {isa = PBXFileReference; includeInIndex = 1; lastKnownFileType = text.xcconfig; name = "Pods-ProductHunt.debug.xcconfig"; path = "ProductHunt/Pods/Target Support Files/Pods-ProductHunt/Pods-ProductHunt.debug.xcconfig"; sourceTree = "<group>"; };
		FEB0169CD5049EEC3BB69885 /* Pods-ProductHunt.release.xcconfig */ = {isa = PBXFileReference; includeInIndex = 1; lastKnownFileType = text.xcconfig; name = "Pods-ProductHunt.release.xcconfig"; path = "ProductHunt/Pods/Target Support Files/Pods-ProductHunt/Pods-ProductHunt.release.xcconfig"; sourceTree = "<group>"; };
/* End PBXFileReference section */

/* Begin PBXFrameworksBuildPhase section */
		18C755471FDB3ED100BF2B72 /* Frameworks */ = {
			isa = PBXFrameworksBuildPhase;
			buildActionMask = 2147483647;
			files = (
				A815D97E0077EB46E4F0B93F /* Pods_ProductHunt.framework in Frameworks */,
			);
			runOnlyForDeploymentPostprocessing = 0;
		};
/* End PBXFrameworksBuildPhase section */

/* Begin PBXGroup section */
		18C755411FDB3ED000BF2B72 = {
			isa = PBXGroup;
			children = (
				18C7554C1FDB3ED100BF2B72 /* ProductHunt */,
				18C7554B1FDB3ED100BF2B72 /* Products */,
				6D9CB2153A1C412BD92AD967 /* Pods */,
				865DC85A6478DE1FF63A9997 /* Frameworks */,
			);
			sourceTree = "<group>";
		};
		18C7554B1FDB3ED100BF2B72 /* Products */ = {
			isa = PBXGroup;
			children = (
				18C7554A1FDB3ED100BF2B72 /* ProductHunt.app */,
			);
			name = Products;
			sourceTree = "<group>";
		};
		18C7554C1FDB3ED100BF2B72 /* ProductHunt */ = {
			isa = PBXGroup;
			children = (
				18C7554D1FDB3ED100BF2B72 /* AppDelegate.swift */,
				18C755511FDB3ED100BF2B72 /* Main.storyboard */,
				18C755541FDB3ED100BF2B72 /* Assets.xcassets */,
				18C755561FDB3ED100BF2B72 /* LaunchScreen.storyboard */,
				18C755591FDB3ED100BF2B72 /* Info.plist */,
				18C755631FDB4D2800BF2B72 /* ProductsListViewController.swift */,
				18C755651FDB4D3400BF2B72 /* ProductViewController.swift */,
			);
			path = ProductHunt;
			sourceTree = "<group>";
		};
		6D9CB2153A1C412BD92AD967 /* Pods */ = {
			isa = PBXGroup;
			children = (
				E7E49CD8B42C92E91B0BA6DB /* Pods-ProductHunt.debug.xcconfig */,
				FEB0169CD5049EEC3BB69885 /* Pods-ProductHunt.release.xcconfig */,
			);
			name = Pods;
			sourceTree = "<group>";
		};
		865DC85A6478DE1FF63A9997 /* Frameworks */ = {
			isa = PBXGroup;
			children = (
				036BA981B7F8C988F9738D12 /* Pods_ProductHunt.framework */,
			);
			name = Frameworks;
			sourceTree = "<group>";
		};
/* End PBXGroup section */

/* Begin PBXNativeTarget section */
		18C755491FDB3ED100BF2B72 /* ProductHunt */ = {
			isa = PBXNativeTarget;
			buildConfigurationList = 18C7555C1FDB3ED100BF2B72 /* Build configuration list for PBXNativeTarget "ProductHunt" */;
			buildPhases = (
				6B4308253A049C7F4EB7033C /* [CP] Check Pods Manifest.lock */,
				18C755461FDB3ED100BF2B72 /* Sources */,
				18C755471FDB3ED100BF2B72 /* Frameworks */,
				18C755481FDB3ED100BF2B72 /* Resources */,
				838D9D693EA81FA9D31D4CC9 /* [CP] Embed Pods Frameworks */,
				2712479FCCE6E3B12E95DC30 /* [CP] Copy Pods Resources */,
			);
			buildRules = (
			);
			dependencies = (
			);
			name = ProductHunt;
			productName = ProductHunt;
			productReference = 18C7554A1FDB3ED100BF2B72 /* ProductHunt.app */;
			productType = "com.apple.product-type.application";
		};
/* End PBXNativeTarget section */

/* Begin PBXProject section */
		18C755421FDB3ED100BF2B72 /* Project object */ = {
			isa = PBXProject;
			attributes = {
				LastSwiftUpdateCheck = 0920;
				LastUpgradeCheck = 0920;
				ORGANIZATIONNAME = "Maria Semakova";
				TargetAttributes = {
					18C755491FDB3ED100BF2B72 = {
						CreatedOnToolsVersion = 9.2;
						ProvisioningStyle = Automatic;
					};
				};
			};
			buildConfigurationList = 18C755451FDB3ED100BF2B72 /* Build configuration list for PBXProject "ProductHunt" */;
			compatibilityVersion = "Xcode 8.0";
			developmentRegion = en;
			hasScannedForEncodings = 0;
			knownRegions = (
				en,
				Base,
			);
			mainGroup = 18C755411FDB3ED000BF2B72;
			productRefGroup = 18C7554B1FDB3ED100BF2B72 /* Products */;
			projectDirPath = "";
			projectRoot = "";
			targets = (
				18C755491FDB3ED100BF2B72 /* ProductHunt */,
			);
		};
/* End PBXProject section */

/* Begin PBXResourcesBuildPhase section */
		18C755481FDB3ED100BF2B72 /* Resources */ = {
			isa = PBXResourcesBuildPhase;
			buildActionMask = 2147483647;
			files = (
				18C755581FDB3ED100BF2B72 /* LaunchScreen.storyboard in Resources */,
				18C755551FDB3ED100BF2B72 /* Assets.xcassets in Resources */,
				18C755531FDB3ED100BF2B72 /* Main.storyboard in Resources */,
			);
			runOnlyForDeploymentPostprocessing = 0;
		};
/* End PBXResourcesBuildPhase section */

/* Begin PBXShellScriptBuildPhase section */
		2712479FCCE6E3B12E95DC30 /* [CP] Copy Pods Resources */ = {
			isa = PBXShellScriptBuildPhase;
			buildActionMask = 2147483647;
			files = (
			);
			inputPaths = (
			);
			name = "[CP] Copy Pods Resources";
			outputPaths = (
			);
			runOnlyForDeploymentPostprocessing = 0;
			shellPath = /bin/sh;
			shellScript = "\"${SRCROOT}/ProductHunt/Pods/Target Support Files/Pods-ProductHunt/Pods-ProductHunt-resources.sh\"\n";
			showEnvVarsInLog = 0;
		};
		6B4308253A049C7F4EB7033C /* [CP] Check Pods Manifest.lock */ = {
			isa = PBXShellScriptBuildPhase;
			buildActionMask = 2147483647;
			files = (
			);
			inputPaths = (
				"${PODS_PODFILE_DIR_PATH}/Podfile.lock",
				"${PODS_ROOT}/Manifest.lock",
			);
			name = "[CP] Check Pods Manifest.lock";
			outputPaths = (
				"$(DERIVED_FILE_DIR)/Pods-ProductHunt-checkManifestLockResult.txt",
			);
			runOnlyForDeploymentPostprocessing = 0;
			shellPath = /bin/sh;
			shellScript = "diff \"${PODS_PODFILE_DIR_PATH}/Podfile.lock\" \"${PODS_ROOT}/Manifest.lock\" > /dev/null\nif [ $? != 0 ] ; then\n    # print error to STDERR\n    echo \"error: The sandbox is not in sync with the Podfile.lock. Run 'pod install' or update your CocoaPods installation.\" >&2\n    exit 1\nfi\n# This output is used by Xcode 'outputs' to avoid re-running this script phase.\necho \"SUCCESS\" > \"${SCRIPT_OUTPUT_FILE_0}\"\n";
			showEnvVarsInLog = 0;
		};
		838D9D693EA81FA9D31D4CC9 /* [CP] Embed Pods Frameworks */ = {
			isa = PBXShellScriptBuildPhase;
			buildActionMask = 2147483647;
			files = (
			);
			inputPaths = (
				"${SRCROOT}/ProductHunt/Pods/Target Support Files/Pods-ProductHunt/Pods-ProductHunt-frameworks.sh",
				"${BUILT_PRODUCTS_DIR}/Alamofire/Alamofire.framework",
				"${BUILT_PRODUCTS_DIR}/DropDown/DropDown.framework",
				"${BUILT_PRODUCTS_DIR}/Kingfisher/Kingfisher.framework",
				"${BUILT_PRODUCTS_DIR}/SwiftyJSON/SwiftyJSON.framework",
			);
			name = "[CP] Embed Pods Frameworks";
			outputPaths = (
				"${TARGET_BUILD_DIR}/${FRAMEWORKS_FOLDER_PATH}/Alamofire.framework",
				"${TARGET_BUILD_DIR}/${FRAMEWORKS_FOLDER_PATH}/DropDown.framework",
				"${TARGET_BUILD_DIR}/${FRAMEWORKS_FOLDER_PATH}/Kingfisher.framework",
				"${TARGET_BUILD_DIR}/${FRAMEWORKS_FOLDER_PATH}/SwiftyJSON.framework",
			);
			runOnlyForDeploymentPostprocessing = 0;
			shellPath = /bin/sh;
			shellScript = "\"${SRCROOT}/ProductHunt/Pods/Target Support Files/Pods-ProductHunt/Pods-ProductHunt-frameworks.sh\"\n";
			showEnvVarsInLog = 0;
		};
/* End PBXShellScriptBuildPhase section */

/* Begin PBXSourcesBuildPhase section */
		18C755461FDB3ED100BF2B72 /* Sources */ = {
			isa = PBXSourcesBuildPhase;
			buildActionMask = 2147483647;
			files = (
				18C755661FDB4D3400BF2B72 /* ProductViewController.swift in Sources */,
				18C755641FDB4D2800BF2B72 /* ProductsListViewController.swift in Sources */,
				18C7554E1FDB3ED100BF2B72 /* AppDelegate.swift in Sources */,
			);
			runOnlyForDeploymentPostprocessing = 0;
		};
/* End PBXSourcesBuildPhase section */

/* Begin PBXVariantGroup section */
		18C755511FDB3ED100BF2B72 /* Main.storyboard */ = {
			isa = PBXVariantGroup;
			children = (
				18C755521FDB3ED100BF2B72 /* Base */,
			);
			name = Main.storyboard;
			sourceTree = "<group>";
		};
		18C755561FDB3ED100BF2B72 /* LaunchScreen.storyboard */ = {
			isa = PBXVariantGroup;
			children = (
				18C755571FDB3ED100BF2B72 /* Base */,
			);
			name = LaunchScreen.storyboard;
			sourceTree = "<group>";
		};
/* End PBXVariantGroup section */

/* Begin XCBuildConfiguration section */
		18C7555A1FDB3ED100BF2B72 /* Debug */ = {
			isa = XCBuildConfiguration;
			buildSettings = {
				ALWAYS_SEARCH_USER_PATHS = NO;
				CLANG_ANALYZER_NONNULL = YES;
				CLANG_ANALYZER_NUMBER_OBJECT_CONVERSION = YES_AGGRESSIVE;
				CLANG_CXX_LANGUAGE_STANDARD = "gnu++14";
				CLANG_CXX_LIBRARY = "libc++";
				CLANG_ENABLE_MODULES = YES;
				CLANG_ENABLE_OBJC_ARC = YES;
				CLANG_WARN_BLOCK_CAPTURE_AUTORELEASING = YES;
				CLANG_WARN_BOOL_CONVERSION = YES;
				CLANG_WARN_COMMA = YES;
				CLANG_WARN_CONSTANT_CONVERSION = YES;
				CLANG_WARN_DIRECT_OBJC_ISA_USAGE = YES_ERROR;
				CLANG_WARN_DOCUMENTATION_COMMENTS = YES;
				CLANG_WARN_EMPTY_BODY = YES;
				CLANG_WARN_ENUM_CONVERSION = YES;
				CLANG_WARN_INFINITE_RECURSION = YES;
				CLANG_WARN_INT_CONVERSION = YES;
				CLANG_WARN_NON_LITERAL_NULL_CONVERSION = YES;
				CLANG_WARN_OBJC_LITERAL_CONVERSION = YES;
				CLANG_WARN_OBJC_ROOT_CLASS = YES_ERROR;
				CLANG_WARN_RANGE_LOOP_ANALYSIS = YES;
				CLANG_WARN_STRICT_PROTOTYPES = YES;
				CLANG_WARN_SUSPICIOUS_MOVE = YES;
				CLANG_WARN_UNGUARDED_AVAILABILITY = YES_AGGRESSIVE;
				CLANG_WARN_UNREACHABLE_CODE = YES;
				CLANG_WARN__DUPLICATE_METHOD_MATCH = YES;
				CODE_SIGN_IDENTITY = "iPhone Developer";
				COPY_PHASE_STRIP = NO;
				DEBUG_INFORMATION_FORMAT = dwarf;
				ENABLE_STRICT_OBJC_MSGSEND = YES;
				ENABLE_TESTABILITY = YES;
				GCC_C_LANGUAGE_STANDARD = gnu11;
				GCC_DYNAMIC_NO_PIC = NO;
				GCC_NO_COMMON_BLOCKS = YES;
				GCC_OPTIMIZATION_LEVEL = 0;
				GCC_PREPROCESSOR_DEFINITIONS = (
					"DEBUG=1",
					"$(inherited)",
				);
				GCC_WARN_64_TO_32_BIT_CONVERSION = YES;
				GCC_WARN_ABOUT_RETURN_TYPE = YES_ERROR;
				GCC_WARN_UNDECLARED_SELECTOR = YES;
				GCC_WARN_UNINITIALIZED_AUTOS = YES_AGGRESSIVE;
				GCC_WARN_UNUSED_FUNCTION = YES;
				GCC_WARN_UNUSED_VARIABLE = YES;
				IPHONEOS_DEPLOYMENT_TARGET = 11.2;
				MTL_ENABLE_DEBUG_INFO = YES;
				ONLY_ACTIVE_ARCH = YES;
				SDKROOT = iphoneos;
				SWIFT_ACTIVE_COMPILATION_CONDITIONS = DEBUG;
				SWIFT_OPTIMIZATION_LEVEL = "-Onone";
			};
			name = Debug;
		};
		18C7555B1FDB3ED100BF2B72 /* Release */ = {
			isa = XCBuildConfiguration;
			buildSettings = {
				ALWAYS_SEARCH_USER_PATHS = NO;
				CLANG_ANALYZER_NONNULL = YES;
				CLANG_ANALYZER_NUMBER_OBJECT_CONVERSION = YES_AGGRESSIVE;
				CLANG_CXX_LANGUAGE_STANDARD = "gnu++14";
				CLANG_CXX_LIBRARY = "libc++";
				CLANG_ENABLE_MODULES = YES;
				CLANG_ENABLE_OBJC_ARC = YES;
				CLANG_WARN_BLOCK_CAPTURE_AUTORELEASING = YES;
				CLANG_WARN_BOOL_CONVERSION = YES;
				CLANG_WARN_COMMA = YES;
				CLANG_WARN_CONSTANT_CONVERSION = YES;
				CLANG_WARN_DIRECT_OBJC_ISA_USAGE = YES_ERROR;
				CLANG_WARN_DOCUMENTATION_COMMENTS = YES;
				CLANG_WARN_EMPTY_BODY = YES;
				CLANG_WARN_ENUM_CONVERSION = YES;
				CLANG_WARN_INFINITE_RECURSION = YES;
				CLANG_WARN_INT_CONVERSION = YES;
				CLANG_WARN_NON_LITERAL_NULL_CONVERSION = YES;
				CLANG_WARN_OBJC_LITERAL_CONVERSION = YES;
				CLANG_WARN_OBJC_ROOT_CLASS = YES_ERROR;
				CLANG_WARN_RANGE_LOOP_ANALYSIS = YES;
				CLANG_WARN_STRICT_PROTOTYPES = YES;
				CLANG_WARN_SUSPICIOUS_MOVE = YES;
				CLANG_WARN_UNGUARDED_AVAILABILITY = YES_AGGRESSIVE;
				CLANG_WARN_UNREACHABLE_CODE = YES;
				CLANG_WARN__DUPLICATE_METHOD_MATCH = YES;
				CODE_SIGN_IDENTITY = "iPhone Developer";
				COPY_PHASE_STRIP = NO;
				DEBUG_INFORMATION_FORMAT = "dwarf-with-dsym";
				ENABLE_NS_ASSERTIONS = NO;
				ENABLE_STRICT_OBJC_MSGSEND = YES;
				GCC_C_LANGUAGE_STANDARD = gnu11;
				GCC_NO_COMMON_BLOCKS = YES;
				GCC_WARN_64_TO_32_BIT_CONVERSION = YES;
				GCC_WARN_ABOUT_RETURN_TYPE = YES_ERROR;
				GCC_WARN_UNDECLARED_SELECTOR = YES;
				GCC_WARN_UNINITIALIZED_AUTOS = YES_AGGRESSIVE;
				GCC_WARN_UNUSED_FUNCTION = YES;
				GCC_WARN_UNUSED_VARIABLE = YES;
				IPHONEOS_DEPLOYMENT_TARGET = 11.2;
				MTL_ENABLE_DEBUG_INFO = NO;
				SDKROOT = iphoneos;
				SWIFT_OPTIMIZATION_LEVEL = "-Owholemodule";
				VALIDATE_PRODUCT = YES;
			};
			name = Release;
		};
		18C7555D1FDB3ED100BF2B72 /* Debug */ = {
			isa = XCBuildConfiguration;
			baseConfigurationReference = E7E49CD8B42C92E91B0BA6DB /* Pods-ProductHunt.debug.xcconfig */;
			buildSettings = {
				ASSETCATALOG_COMPILER_APPICON_NAME = AppIcon;
				CODE_SIGN_STYLE = Automatic;
				DEVELOPMENT_TEAM = 5R44JKFPWH;
				INFOPLIST_FILE = ProductHunt/Info.plist;
				LD_RUNPATH_SEARCH_PATHS = "$(inherited) @executable_path/Frameworks";
				PRODUCT_BUNDLE_IDENTIFIER = "Maria-Semakova.ProductHunt";
				PRODUCT_NAME = "$(TARGET_NAME)";
				SWIFT_VERSION = 4.0;
				TARGETED_DEVICE_FAMILY = "1,2";
			};
			name = Debug;
		};
		18C7555E1FDB3ED100BF2B72 /* Release */ = {
			isa = XCBuildConfiguration;
			baseConfigurationReference = FEB0169CD5049EEC3BB69885 /* Pods-ProductHunt.release.xcconfig */;
			buildSettings = {
				ASSETCATALOG_COMPILER_APPICON_NAME = AppIcon;
				CODE_SIGN_STYLE = Automatic;
				DEVELOPMENT_TEAM = 5R44JKFPWH;
				INFOPLIST_FILE = ProductHunt/Info.plist;
				LD_RUNPATH_SEARCH_PATHS = "$(inherited) @executable_path/Frameworks";
				PRODUCT_BUNDLE_IDENTIFIER = "Maria-Semakova.ProductHunt";
				PRODUCT_NAME = "$(TARGET_NAME)";
				SWIFT_VERSION = 4.0;
				TARGETED_DEVICE_FAMILY = "1,2";
			};
			name = Release;
		};
/* End XCBuildConfiguration section */

/* Begin XCConfigurationList section */
		18C755451FDB3ED100BF2B72 /* Build configuration list for PBXProject "ProductHunt" */ = {
			isa = XCConfigurationList;
			buildConfigurations = (
				18C7555A1FDB3ED100BF2B72 /* Debug */,
				18C7555B1FDB3ED100BF2B72 /* Release */,
			);
			defaultConfigurationIsVisible = 0;
			defaultConfigurationName = Release;
		};
		18C7555C1FDB3ED100BF2B72 /* Build configuration list for PBXNativeTarget "ProductHunt" */ = {
			isa = XCConfigurationList;
			buildConfigurations = (
				18C7555D1FDB3ED100BF2B72 /* Debug */,
				18C7555E1FDB3ED100BF2B72 /* Release */,
			);
			defaultConfigurationIsVisible = 0;
			defaultConfigurationName = Release;
		};
/* End XCConfigurationList section */
	};
	rootObject = 18C755421FDB3ED100BF2B72 /* Project object */;
}
